
Microsoft Visual Studio Solution File, Format Version 12.00
# Visual Studio Version 17
VisualStudioVersion = 17.14.36221.1 d17.14
MinimumVisualStudioVersion = 10.0.40219.1
Project("{FAE04EC0-301F-11D3-BF4B-00C04F79EFBC}") = "studentController", "studentController\studentController.csproj", "{03DDF7B7-008D-46D3-9CFD-611F04C92F12}"
EndProject
Global
	GlobalSection(SolutionConfigurationPlatforms) = preSolution
		Debug|Any CPU = Debug|Any CPU
		Release|Any CPU = Release|Any CPU
	EndGlobalSection
	GlobalSection(ProjectConfigurationPlatforms) = postSolution
		{03DDF7B7-008D-46D3-9CFD-611F04C92F12}.Debug|Any CPU.ActiveCfg = Debug|Any CPU
		{03DDF7B7-008D-46D3-9CFD-611F04C92F12}.Debug|Any CPU.Build.0 = Debug|Any CPU
		{03DDF7B7-008D-46D3-9CFD-611F04C92F12}.Release|Any CPU.ActiveCfg = Release|Any CPU
		{03DDF7B7-008D-46D3-9CFD-611F04C92F12}.Release|Any CPU.Build.0 = Release|Any CPU
	EndGlobalSection
	GlobalSection(SolutionProperties) = preSolution
		HideSolutionNode = FALSE
	EndGlobalSection
	GlobalSection(ExtensibilityGlobals) = postSolution
		SolutionGuid = {9C9449AB-AA9D-400F-A9B3-ED575AB62B91}
	EndGlobalSection
EndGlobal
